
Microsoft Visual Studio Solution File, Format Version 12.00
# Visual Studio Version 17
VisualStudioVersion = 17.0.31903.59
MinimumVisualStudioVersion = 10.0.40219.1
Project("{2150E333-8FDC-42A3-9474-1A3956D46DE8}") = "src", "src", "{F344F979-261F-495C-8FEC-E9286B6AAAD9}"
EndProject
Project("{2150E333-8FDC-42A3-9474-1A3956D46DE8}") = "Crops", "Crops", "{1193FD08-3D39-433C-873B-21A477B3DE5B}"
EndProject
Project("{FAE04EC0-301F-11D3-BF4B-00C04F79EFBC}") = "common", "src\Crops\Common\common.csproj", "{731A4993-6A5C-445A-AB6F-EC536B26544D}"
EndProject
Project("{FAE04EC0-301F-11D3-BF4B-00C04F79EFBC}") = "weeds", "src\Crops\Weeds\weeds.csproj", "{6662C8BD-06C2-495B-81BB-6CB8041D1B18}"
EndProject
Project("{FAE04EC0-301F-11D3-BF4B-00C04F79EFBC}") = "Shared", "src\Shared\Shared.csproj", "{A14D0164-DF69-40DB-9511-EAFD0EC91178}"
EndProject
Project("{2150E333-8FDC-42A3-9474-1A3956D46DE8}") = "orld", "orld", "{01EC7157-F0C4-8A46-5648-9E99CE786794}"
EndProject
Project("{FAE04EC0-301F-11D3-BF4B-00C04F79EFBC}") = "ice-melt", "src\orld\ice-melt\ice-melt.csproj", "{877882CE-B395-40D6-8996-334FF59B8114}"
EndProject
Project("{2150E333-8FDC-42A3-9474-1A3956D46DE8}") = "shared", "shared", "{5EEE8B87-7526-9471-B090-2C64EEF2BB7D}"
EndProject
Project("{2150E333-8FDC-42A3-9474-1A3956D46DE8}") = "primitive", "primitive", "{17F46C9B-56B5-7EB8-2DE0-5169EDAFEA8E}"
EndProject
Project("{FAE04EC0-301F-11D3-BF4B-00C04F79EFBC}") = "pemmican", "src\primitive\pemmican\pemmican.csproj", "{122EF994-47B0-45D2-B9D9-0E5344E08C2A}"
EndProject
Global
	GlobalSection(SolutionConfigurationPlatforms) = preSolution
		Debug|Any CPU = Debug|Any CPU
		Debug|x64 = Debug|x64
		Debug|x86 = Debug|x86
		Release|Any CPU = Release|Any CPU
		Release|x64 = Release|x64
		Release|x86 = Release|x86
	EndGlobalSection
	GlobalSection(ProjectConfigurationPlatforms) = postSolution
		{731A4993-6A5C-445A-AB6F-EC536B26544D}.Debug|Any CPU.ActiveCfg = Debug|Any CPU
		{731A4993-6A5C-445A-AB6F-EC536B26544D}.Debug|Any CPU.Build.0 = Debug|Any CPU
		{731A4993-6A5C-445A-AB6F-EC536B26544D}.Debug|x64.ActiveCfg = Debug|Any CPU
		{731A4993-6A5C-445A-AB6F-EC536B26544D}.Debug|x64.Build.0 = Debug|Any CPU
		{731A4993-6A5C-445A-AB6F-EC536B26544D}.Debug|x86.ActiveCfg = Debug|Any CPU
		{731A4993-6A5C-445A-AB6F-EC536B26544D}.Debug|x86.Build.0 = Debug|Any CPU
		{731A4993-6A5C-445A-AB6F-EC536B26544D}.Release|Any CPU.ActiveCfg = Release|Any CPU
		{731A4993-6A5C-445A-AB6F-EC536B26544D}.Release|Any CPU.Build.0 = Release|Any CPU
		{731A4993-6A5C-445A-AB6F-EC536B26544D}.Release|x64.ActiveCfg = Release|Any CPU
		{731A4993-6A5C-445A-AB6F-EC536B26544D}.Release|x64.Build.0 = Release|Any CPU
		{731A4993-6A5C-445A-AB6F-EC536B26544D}.Release|x86.ActiveCfg = Release|Any CPU
		{731A4993-6A5C-445A-AB6F-EC536B26544D}.Release|x86.Build.0 = Release|Any CPU
		{6662C8BD-06C2-495B-81BB-6CB8041D1B18}.Debug|Any CPU.ActiveCfg = Debug|Any CPU
		{6662C8BD-06C2-495B-81BB-6CB8041D1B18}.Debug|Any CPU.Build.0 = Debug|Any CPU
		{6662C8BD-06C2-495B-81BB-6CB8041D1B18}.Debug|x64.ActiveCfg = Debug|Any CPU
		{6662C8BD-06C2-495B-81BB-6CB8041D1B18}.Debug|x64.Build.0 = Debug|Any CPU
		{6662C8BD-06C2-495B-81BB-6CB8041D1B18}.Debug|x86.ActiveCfg = Debug|Any CPU
		{6662C8BD-06C2-495B-81BB-6CB8041D1B18}.Debug|x86.Build.0 = Debug|Any CPU
		{6662C8BD-06C2-495B-81BB-6CB8041D1B18}.Release|Any CPU.ActiveCfg = Release|Any CPU
		{6662C8BD-06C2-495B-81BB-6CB8041D1B18}.Release|Any CPU.Build.0 = Release|Any CPU
		{6662C8BD-06C2-495B-81BB-6CB8041D1B18}.Release|x64.ActiveCfg = Release|Any CPU
		{6662C8BD-06C2-495B-81BB-6CB8041D1B18}.Release|x64.Build.0 = Release|Any CPU
		{6662C8BD-06C2-495B-81BB-6CB8041D1B18}.Release|x86.ActiveCfg = Release|Any CPU
		{6662C8BD-06C2-495B-81BB-6CB8041D1B18}.Release|x86.Build.0 = Release|Any CPU
		{A14D0164-DF69-40DB-9511-EAFD0EC91178}.Debug|Any CPU.ActiveCfg = Debug|Any CPU
		{A14D0164-DF69-40DB-9511-EAFD0EC91178}.Debug|Any CPU.Build.0 = Debug|Any CPU
		{A14D0164-DF69-40DB-9511-EAFD0EC91178}.Debug|x64.ActiveCfg = Debug|Any CPU
		{A14D0164-DF69-40DB-9511-EAFD0EC91178}.Debug|x64.Build.0 = Debug|Any CPU
		{A14D0164-DF69-40DB-9511-EAFD0EC91178}.Debug|x86.ActiveCfg = Debug|Any CPU
		{A14D0164-DF69-40DB-9511-EAFD0EC91178}.Debug|x86.Build.0 = Debug|Any CPU
		{A14D0164-DF69-40DB-9511-EAFD0EC91178}.Release|Any CPU.ActiveCfg = Release|Any CPU
		{A14D0164-DF69-40DB-9511-EAFD0EC91178}.Release|Any CPU.Build.0 = Release|Any CPU
		{A14D0164-DF69-40DB-9511-EAFD0EC91178}.Release|x64.ActiveCfg = Release|Any CPU
		{A14D0164-DF69-40DB-9511-EAFD0EC91178}.Release|x64.Build.0 = Release|Any CPU
		{A14D0164-DF69-40DB-9511-EAFD0EC91178}.Release|x86.ActiveCfg = Release|Any CPU
		{A14D0164-DF69-40DB-9511-EAFD0EC91178}.Release|x86.Build.0 = Release|Any CPU
		{877882CE-B395-40D6-8996-334FF59B8114}.Debug|Any CPU.ActiveCfg = Debug|Any CPU
		{877882CE-B395-40D6-8996-334FF59B8114}.Debug|Any CPU.Build.0 = Debug|Any CPU
		{877882CE-B395-40D6-8996-334FF59B8114}.Debug|x64.ActiveCfg = Debug|Any CPU
		{877882CE-B395-40D6-8996-334FF59B8114}.Debug|x64.Build.0 = Debug|Any CPU
		{877882CE-B395-40D6-8996-334FF59B8114}.Debug|x86.ActiveCfg = Debug|Any CPU
		{877882CE-B395-40D6-8996-334FF59B8114}.Debug|x86.Build.0 = Debug|Any CPU
		{877882CE-B395-40D6-8996-334FF59B8114}.Release|Any CPU.ActiveCfg = Release|Any CPU
		{877882CE-B395-40D6-8996-334FF59B8114}.Release|Any CPU.Build.0 = Release|Any CPU
		{877882CE-B395-40D6-8996-334FF59B8114}.Release|x64.ActiveCfg = Release|Any CPU
		{877882CE-B395-40D6-8996-334FF59B8114}.Release|x64.Build.0 = Release|Any CPU
		{877882CE-B395-40D6-8996-334FF59B8114}.Release|x86.ActiveCfg = Release|Any CPU
		{877882CE-B395-40D6-8996-334FF59B8114}.Release|x86.Build.0 = Release|Any CPU
		{122EF994-47B0-45D2-B9D9-0E5344E08C2A}.Debug|Any CPU.ActiveCfg = Debug|Any CPU
		{122EF994-47B0-45D2-B9D9-0E5344E08C2A}.Debug|Any CPU.Build.0 = Debug|Any CPU
		{122EF994-47B0-45D2-B9D9-0E5344E08C2A}.Debug|x64.ActiveCfg = Debug|Any CPU
		{122EF994-47B0-45D2-B9D9-0E5344E08C2A}.Debug|x64.Build.0 = Debug|Any CPU
		{122EF994-47B0-45D2-B9D9-0E5344E08C2A}.Debug|x86.ActiveCfg = Debug|Any CPU
		{122EF994-47B0-45D2-B9D9-0E5344E08C2A}.Debug|x86.Build.0 = Debug|Any CPU
		{122EF994-47B0-45D2-B9D9-0E5344E08C2A}.Release|Any CPU.ActiveCfg = Release|Any CPU
		{122EF994-47B0-45D2-B9D9-0E5344E08C2A}.Release|Any CPU.Build.0 = Release|Any CPU
		{122EF994-47B0-45D2-B9D9-0E5344E08C2A}.Release|x64.ActiveCfg = Release|Any CPU
		{122EF994-47B0-45D2-B9D9-0E5344E08C2A}.Release|x64.Build.0 = Release|Any CPU
		{122EF994-47B0-45D2-B9D9-0E5344E08C2A}.Release|x86.ActiveCfg = Release|Any CPU
		{122EF994-47B0-45D2-B9D9-0E5344E08C2A}.Release|x86.Build.0 = Release|Any CPU
	EndGlobalSection
	GlobalSection(SolutionProperties) = preSolution
		HideSolutionNode = FALSE
	EndGlobalSection
	GlobalSection(NestedProjects) = preSolution
		{1193FD08-3D39-433C-873B-21A477B3DE5B} = {F344F979-261F-495C-8FEC-E9286B6AAAD9}
		{731A4993-6A5C-445A-AB6F-EC536B26544D} = {1193FD08-3D39-433C-873B-21A477B3DE5B}
		{6662C8BD-06C2-495B-81BB-6CB8041D1B18} = {1193FD08-3D39-433C-873B-21A477B3DE5B}
		{A14D0164-DF69-40DB-9511-EAFD0EC91178} = {F344F979-261F-495C-8FEC-E9286B6AAAD9}
		{01EC7157-F0C4-8A46-5648-9E99CE786794} = {F344F979-261F-495C-8FEC-E9286B6AAAD9}
		{877882CE-B395-40D6-8996-334FF59B8114} = {01EC7157-F0C4-8A46-5648-9E99CE786794}
		{5EEE8B87-7526-9471-B090-2C64EEF2BB7D} = {F344F979-261F-495C-8FEC-E9286B6AAAD9}
		{17F46C9B-56B5-7EB8-2DE0-5169EDAFEA8E} = {F344F979-261F-495C-8FEC-E9286B6AAAD9}
		{122EF994-47B0-45D2-B9D9-0E5344E08C2A} = {17F46C9B-56B5-7EB8-2DE0-5169EDAFEA8E}
	EndGlobalSection
EndGlobal
