
Microsoft Visual Studio Solution File, Format Version 12.00
# Visual Studio Version 17
VisualStudioVersion = 17.0.31903.59
MinimumVisualStudioVersion = 10.0.40219.1
Project("{2150E333-8FDC-42A3-9474-1A3956D46DE8}") = "src", "src", "{F344F979-261F-495C-8FEC-E9286B6AAAD9}"
EndProject
Project("{2150E333-8FDC-42A3-9474-1A3956D46DE8}") = "Crops", "Crops", "{1193FD08-3D39-433C-873B-21A477B3DE5B}"
EndProject
Project("{FAE04EC0-301F-11D3-BF4B-00C04F79EFBC}") = "common", "src\Crops\Common\common.csproj", "{731A4993-6A5C-445A-AB6F-EC536B26544D}"
EndProject
Project("{FAE04EC0-301F-11D3-BF4B-00C04F79EFBC}") = "weeds", "src\Crops\Weeds\weeds.csproj", "{6662C8BD-06C2-495B-81BB-6CB8041D1B18}"
EndProject
Project("{2150E333-8FDC-42A3-9474-1A3956D46DE8}") = "orld", "orld", "{01EC7157-F0C4-8A46-5648-9E99CE786794}"
EndProject
Project("{FAE04EC0-301F-11D3-BF4B-00C04F79EFBC}") = "ice-melt", "src\orld\ice-melt\ice-melt.csproj", "{877882CE-B395-40D6-8996-334FF59B8114}"
EndProject
Project("{2150E333-8FDC-42A3-9474-1A3956D46DE8}") = "primitive", "primitive", "{17F46C9B-56B5-7EB8-2DE0-5169EDAFEA8E}"
EndProject
Project("{FAE04EC0-301F-11D3-BF4B-00C04F79EFBC}") = "DryFuels", "src\Primitive\DryFuels\DryFuels.csproj", "{35DBE4F4-3E5D-446B-859B-31996B898560}"
EndProject
Project("{2150E333-8FDC-42A3-9474-1A3956D46DE8}") = "Driftworks", "Driftworks", "{E69474B4-8CD8-7EBE-9002-028DE5FC99C6}"
EndProject
Project("{FAE04EC0-301F-11D3-BF4B-00C04F79EFBC}") = "core", "src\Driftworks\core\core.csproj", "{3F21E678-08AA-4A38-8C99-EAEE11A3235F}"
EndProject
Project("{FAE04EC0-301F-11D3-BF4B-00C04F79EFBC}") = "sample", "src\Driftworks\sample\sample.csproj", "{675B37C8-17C2-4206-BAB2-D567C0EFF941}"
EndProject
Project("{2150E333-8FDC-42A3-9474-1A3956D46DE8}") = "Performance", "Performance", "{5BF31A46-2240-6878-D053-7AA87E7C0FD8}"
EndProject
Project("{FAE04EC0-301F-11D3-BF4B-00C04F79EFBC}") = "CraftingGrid", "src\Performance\CraftingGrid\CraftingGrid.csproj", "{6CA94B1D-F62D-464D-8E7B-297662C73C6F}"
EndProject
Project("{2150E333-8FDC-42A3-9474-1A3956D46DE8}") = "Compat", "Compat", "{A5C37B71-CB29-9827-3727-8D94A0949941}"
EndProject
Project("{FAE04EC0-301F-11D3-BF4B-00C04F79EFBC}") = "WildcraftExFoods", "src\Compat\WildcraftExFoods\WildcraftExFoods.csproj", "{EF7EF03A-2600-4E5A-9945-2842B038EC21}"
EndProject
Project("{FAE04EC0-301F-11D3-BF4B-00C04F79EFBC}") = "Compass", "src\Primitive\Compass\Compass.csproj", "{65429A63-417F-45E7-B44B-FC286D73412E}"
EndProject
Global
	GlobalSection(SolutionConfigurationPlatforms) = preSolution
		Debug|Any CPU = Debug|Any CPU
		Debug|x64 = Debug|x64
		Debug|x86 = Debug|x86
		Release|Any CPU = Release|Any CPU
		Release|x64 = Release|x64
		Release|x86 = Release|x86
	EndGlobalSection
	GlobalSection(ProjectConfigurationPlatforms) = postSolution
		{731A4993-6A5C-445A-AB6F-EC536B26544D}.Debug|Any CPU.ActiveCfg = Debug|Any CPU
		{731A4993-6A5C-445A-AB6F-EC536B26544D}.Debug|Any CPU.Build.0 = Debug|Any CPU
		{731A4993-6A5C-445A-AB6F-EC536B26544D}.Debug|x64.ActiveCfg = Debug|Any CPU
		{731A4993-6A5C-445A-AB6F-EC536B26544D}.Debug|x64.Build.0 = Debug|Any CPU
		{731A4993-6A5C-445A-AB6F-EC536B26544D}.Debug|x86.ActiveCfg = Debug|Any CPU
		{731A4993-6A5C-445A-AB6F-EC536B26544D}.Debug|x86.Build.0 = Debug|Any CPU
		{731A4993-6A5C-445A-AB6F-EC536B26544D}.Release|Any CPU.ActiveCfg = Release|Any CPU
		{731A4993-6A5C-445A-AB6F-EC536B26544D}.Release|Any CPU.Build.0 = Release|Any CPU
		{731A4993-6A5C-445A-AB6F-EC536B26544D}.Release|x64.ActiveCfg = Release|Any CPU
		{731A4993-6A5C-445A-AB6F-EC536B26544D}.Release|x64.Build.0 = Release|Any CPU
		{731A4993-6A5C-445A-AB6F-EC536B26544D}.Release|x86.ActiveCfg = Release|Any CPU
		{731A4993-6A5C-445A-AB6F-EC536B26544D}.Release|x86.Build.0 = Release|Any CPU
		{6662C8BD-06C2-495B-81BB-6CB8041D1B18}.Debug|Any CPU.ActiveCfg = Debug|Any CPU
		{6662C8BD-06C2-495B-81BB-6CB8041D1B18}.Debug|Any CPU.Build.0 = Debug|Any CPU
		{6662C8BD-06C2-495B-81BB-6CB8041D1B18}.Debug|x64.ActiveCfg = Debug|Any CPU
		{6662C8BD-06C2-495B-81BB-6CB8041D1B18}.Debug|x64.Build.0 = Debug|Any CPU
		{6662C8BD-06C2-495B-81BB-6CB8041D1B18}.Debug|x86.ActiveCfg = Debug|Any CPU
		{6662C8BD-06C2-495B-81BB-6CB8041D1B18}.Debug|x86.Build.0 = Debug|Any CPU
		{6662C8BD-06C2-495B-81BB-6CB8041D1B18}.Release|Any CPU.ActiveCfg = Release|Any CPU
		{6662C8BD-06C2-495B-81BB-6CB8041D1B18}.Release|Any CPU.Build.0 = Release|Any CPU
		{6662C8BD-06C2-495B-81BB-6CB8041D1B18}.Release|x64.ActiveCfg = Release|Any CPU
		{6662C8BD-06C2-495B-81BB-6CB8041D1B18}.Release|x64.Build.0 = Release|Any CPU
		{6662C8BD-06C2-495B-81BB-6CB8041D1B18}.Release|x86.ActiveCfg = Release|Any CPU
		{6662C8BD-06C2-495B-81BB-6CB8041D1B18}.Release|x86.Build.0 = Release|Any CPU
		{877882CE-B395-40D6-8996-334FF59B8114}.Debug|Any CPU.ActiveCfg = Debug|Any CPU
		{877882CE-B395-40D6-8996-334FF59B8114}.Debug|Any CPU.Build.0 = Debug|Any CPU
		{877882CE-B395-40D6-8996-334FF59B8114}.Debug|x64.ActiveCfg = Debug|Any CPU
		{877882CE-B395-40D6-8996-334FF59B8114}.Debug|x64.Build.0 = Debug|Any CPU
		{877882CE-B395-40D6-8996-334FF59B8114}.Debug|x86.ActiveCfg = Debug|Any CPU
		{877882CE-B395-40D6-8996-334FF59B8114}.Debug|x86.Build.0 = Debug|Any CPU
		{877882CE-B395-40D6-8996-334FF59B8114}.Release|Any CPU.ActiveCfg = Release|Any CPU
		{877882CE-B395-40D6-8996-334FF59B8114}.Release|Any CPU.Build.0 = Release|Any CPU
		{877882CE-B395-40D6-8996-334FF59B8114}.Release|x64.ActiveCfg = Release|Any CPU
		{877882CE-B395-40D6-8996-334FF59B8114}.Release|x64.Build.0 = Release|Any CPU
		{877882CE-B395-40D6-8996-334FF59B8114}.Release|x86.ActiveCfg = Release|Any CPU
		{877882CE-B395-40D6-8996-334FF59B8114}.Release|x86.Build.0 = Release|Any CPU
		{35DBE4F4-3E5D-446B-859B-31996B898560}.Debug|Any CPU.ActiveCfg = Debug|Any CPU
		{35DBE4F4-3E5D-446B-859B-31996B898560}.Debug|Any CPU.Build.0 = Debug|Any CPU
		{35DBE4F4-3E5D-446B-859B-31996B898560}.Debug|x64.ActiveCfg = Debug|Any CPU
		{35DBE4F4-3E5D-446B-859B-31996B898560}.Debug|x64.Build.0 = Debug|Any CPU
		{35DBE4F4-3E5D-446B-859B-31996B898560}.Debug|x86.ActiveCfg = Debug|Any CPU
		{35DBE4F4-3E5D-446B-859B-31996B898560}.Debug|x86.Build.0 = Debug|Any CPU
		{35DBE4F4-3E5D-446B-859B-31996B898560}.Release|Any CPU.ActiveCfg = Release|Any CPU
		{35DBE4F4-3E5D-446B-859B-31996B898560}.Release|Any CPU.Build.0 = Release|Any CPU
		{35DBE4F4-3E5D-446B-859B-31996B898560}.Release|x64.ActiveCfg = Release|Any CPU
		{35DBE4F4-3E5D-446B-859B-31996B898560}.Release|x64.Build.0 = Release|Any CPU
		{35DBE4F4-3E5D-446B-859B-31996B898560}.Release|x86.ActiveCfg = Release|Any CPU
		{35DBE4F4-3E5D-446B-859B-31996B898560}.Release|x86.Build.0 = Release|Any CPU
		{3F21E678-08AA-4A38-8C99-EAEE11A3235F}.Debug|Any CPU.ActiveCfg = Debug|Any CPU
		{3F21E678-08AA-4A38-8C99-EAEE11A3235F}.Debug|Any CPU.Build.0 = Debug|Any CPU
		{3F21E678-08AA-4A38-8C99-EAEE11A3235F}.Debug|x64.ActiveCfg = Debug|Any CPU
		{3F21E678-08AA-4A38-8C99-EAEE11A3235F}.Debug|x64.Build.0 = Debug|Any CPU
		{3F21E678-08AA-4A38-8C99-EAEE11A3235F}.Debug|x86.ActiveCfg = Debug|Any CPU
		{3F21E678-08AA-4A38-8C99-EAEE11A3235F}.Debug|x86.Build.0 = Debug|Any CPU
		{3F21E678-08AA-4A38-8C99-EAEE11A3235F}.Release|Any CPU.ActiveCfg = Release|Any CPU
		{3F21E678-08AA-4A38-8C99-EAEE11A3235F}.Release|Any CPU.Build.0 = Release|Any CPU
		{3F21E678-08AA-4A38-8C99-EAEE11A3235F}.Release|x64.ActiveCfg = Release|Any CPU
		{3F21E678-08AA-4A38-8C99-EAEE11A3235F}.Release|x64.Build.0 = Release|Any CPU
		{3F21E678-08AA-4A38-8C99-EAEE11A3235F}.Release|x86.ActiveCfg = Release|Any CPU
		{3F21E678-08AA-4A38-8C99-EAEE11A3235F}.Release|x86.Build.0 = Release|Any CPU
		{675B37C8-17C2-4206-BAB2-D567C0EFF941}.Debug|Any CPU.ActiveCfg = Debug|Any CPU
		{675B37C8-17C2-4206-BAB2-D567C0EFF941}.Debug|Any CPU.Build.0 = Debug|Any CPU
		{675B37C8-17C2-4206-BAB2-D567C0EFF941}.Debug|x64.ActiveCfg = Debug|Any CPU
		{675B37C8-17C2-4206-BAB2-D567C0EFF941}.Debug|x64.Build.0 = Debug|Any CPU
		{675B37C8-17C2-4206-BAB2-D567C0EFF941}.Debug|x86.ActiveCfg = Debug|Any CPU
		{675B37C8-17C2-4206-BAB2-D567C0EFF941}.Debug|x86.Build.0 = Debug|Any CPU
		{675B37C8-17C2-4206-BAB2-D567C0EFF941}.Release|Any CPU.ActiveCfg = Release|Any CPU
		{675B37C8-17C2-4206-BAB2-D567C0EFF941}.Release|Any CPU.Build.0 = Release|Any CPU
		{675B37C8-17C2-4206-BAB2-D567C0EFF941}.Release|x64.ActiveCfg = Release|Any CPU
		{675B37C8-17C2-4206-BAB2-D567C0EFF941}.Release|x64.Build.0 = Release|Any CPU
		{675B37C8-17C2-4206-BAB2-D567C0EFF941}.Release|x86.ActiveCfg = Release|Any CPU
		{675B37C8-17C2-4206-BAB2-D567C0EFF941}.Release|x86.Build.0 = Release|Any CPU
		{6CA94B1D-F62D-464D-8E7B-297662C73C6F}.Debug|Any CPU.ActiveCfg = Debug|Any CPU
		{6CA94B1D-F62D-464D-8E7B-297662C73C6F}.Debug|Any CPU.Build.0 = Debug|Any CPU
		{6CA94B1D-F62D-464D-8E7B-297662C73C6F}.Debug|x64.ActiveCfg = Debug|Any CPU
		{6CA94B1D-F62D-464D-8E7B-297662C73C6F}.Debug|x64.Build.0 = Debug|Any CPU
		{6CA94B1D-F62D-464D-8E7B-297662C73C6F}.Debug|x86.ActiveCfg = Debug|Any CPU
		{6CA94B1D-F62D-464D-8E7B-297662C73C6F}.Debug|x86.Build.0 = Debug|Any CPU
		{6CA94B1D-F62D-464D-8E7B-297662C73C6F}.Release|Any CPU.ActiveCfg = Release|Any CPU
		{6CA94B1D-F62D-464D-8E7B-297662C73C6F}.Release|Any CPU.Build.0 = Release|Any CPU
		{6CA94B1D-F62D-464D-8E7B-297662C73C6F}.Release|x64.ActiveCfg = Release|Any CPU
		{6CA94B1D-F62D-464D-8E7B-297662C73C6F}.Release|x64.Build.0 = Release|Any CPU
		{6CA94B1D-F62D-464D-8E7B-297662C73C6F}.Release|x86.ActiveCfg = Release|Any CPU
		{6CA94B1D-F62D-464D-8E7B-297662C73C6F}.Release|x86.Build.0 = Release|Any CPU
		{EF7EF03A-2600-4E5A-9945-2842B038EC21}.Debug|Any CPU.ActiveCfg = Debug|Any CPU
		{EF7EF03A-2600-4E5A-9945-2842B038EC21}.Debug|Any CPU.Build.0 = Debug|Any CPU
		{EF7EF03A-2600-4E5A-9945-2842B038EC21}.Debug|x64.ActiveCfg = Debug|Any CPU
		{EF7EF03A-2600-4E5A-9945-2842B038EC21}.Debug|x64.Build.0 = Debug|Any CPU
		{EF7EF03A-2600-4E5A-9945-2842B038EC21}.Debug|x86.ActiveCfg = Debug|Any CPU
		{EF7EF03A-2600-4E5A-9945-2842B038EC21}.Debug|x86.Build.0 = Debug|Any CPU
		{EF7EF03A-2600-4E5A-9945-2842B038EC21}.Release|Any CPU.ActiveCfg = Release|Any CPU
		{EF7EF03A-2600-4E5A-9945-2842B038EC21}.Release|Any CPU.Build.0 = Release|Any CPU
		{EF7EF03A-2600-4E5A-9945-2842B038EC21}.Release|x64.ActiveCfg = Release|Any CPU
		{EF7EF03A-2600-4E5A-9945-2842B038EC21}.Release|x64.Build.0 = Release|Any CPU
		{EF7EF03A-2600-4E5A-9945-2842B038EC21}.Release|x86.ActiveCfg = Release|Any CPU
		{EF7EF03A-2600-4E5A-9945-2842B038EC21}.Release|x86.Build.0 = Release|Any CPU
		{65429A63-417F-45E7-B44B-FC286D73412E}.Debug|Any CPU.ActiveCfg = Debug|Any CPU
		{65429A63-417F-45E7-B44B-FC286D73412E}.Debug|Any CPU.Build.0 = Debug|Any CPU
		{65429A63-417F-45E7-B44B-FC286D73412E}.Debug|x64.ActiveCfg = Debug|Any CPU
		{65429A63-417F-45E7-B44B-FC286D73412E}.Debug|x64.Build.0 = Debug|Any CPU
		{65429A63-417F-45E7-B44B-FC286D73412E}.Debug|x86.ActiveCfg = Debug|Any CPU
		{65429A63-417F-45E7-B44B-FC286D73412E}.Debug|x86.Build.0 = Debug|Any CPU
		{65429A63-417F-45E7-B44B-FC286D73412E}.Release|Any CPU.ActiveCfg = Release|Any CPU
		{65429A63-417F-45E7-B44B-FC286D73412E}.Release|Any CPU.Build.0 = Release|Any CPU
		{65429A63-417F-45E7-B44B-FC286D73412E}.Release|x64.ActiveCfg = Release|Any CPU
		{65429A63-417F-45E7-B44B-FC286D73412E}.Release|x64.Build.0 = Release|Any CPU
		{65429A63-417F-45E7-B44B-FC286D73412E}.Release|x86.ActiveCfg = Release|Any CPU
		{65429A63-417F-45E7-B44B-FC286D73412E}.Release|x86.Build.0 = Release|Any CPU
	EndGlobalSection
	GlobalSection(SolutionProperties) = preSolution
		HideSolutionNode = FALSE
	EndGlobalSection
	GlobalSection(NestedProjects) = preSolution
		{1193FD08-3D39-433C-873B-21A477B3DE5B} = {F344F979-261F-495C-8FEC-E9286B6AAAD9}
		{731A4993-6A5C-445A-AB6F-EC536B26544D} = {1193FD08-3D39-433C-873B-21A477B3DE5B}
		{6662C8BD-06C2-495B-81BB-6CB8041D1B18} = {1193FD08-3D39-433C-873B-21A477B3DE5B}
		{01EC7157-F0C4-8A46-5648-9E99CE786794} = {F344F979-261F-495C-8FEC-E9286B6AAAD9}
		{877882CE-B395-40D6-8996-334FF59B8114} = {01EC7157-F0C4-8A46-5648-9E99CE786794}
		{17F46C9B-56B5-7EB8-2DE0-5169EDAFEA8E} = {F344F979-261F-495C-8FEC-E9286B6AAAD9}
		{35DBE4F4-3E5D-446B-859B-31996B898560} = {17F46C9B-56B5-7EB8-2DE0-5169EDAFEA8E}
		{E69474B4-8CD8-7EBE-9002-028DE5FC99C6} = {F344F979-261F-495C-8FEC-E9286B6AAAD9}
		{3F21E678-08AA-4A38-8C99-EAEE11A3235F} = {E69474B4-8CD8-7EBE-9002-028DE5FC99C6}
		{675B37C8-17C2-4206-BAB2-D567C0EFF941} = {E69474B4-8CD8-7EBE-9002-028DE5FC99C6}
		{5BF31A46-2240-6878-D053-7AA87E7C0FD8} = {F344F979-261F-495C-8FEC-E9286B6AAAD9}
		{6CA94B1D-F62D-464D-8E7B-297662C73C6F} = {5BF31A46-2240-6878-D053-7AA87E7C0FD8}
		{A5C37B71-CB29-9827-3727-8D94A0949941} = {F344F979-261F-495C-8FEC-E9286B6AAAD9}
		{EF7EF03A-2600-4E5A-9945-2842B038EC21} = {A5C37B71-CB29-9827-3727-8D94A0949941}
		{65429A63-417F-45E7-B44B-FC286D73412E} = {17F46C9B-56B5-7EB8-2DE0-5169EDAFEA8E}
	EndGlobalSection
EndGlobal
